
Microsoft Visual Studio Solution File, Format Version 12.00
# Visual Studio Version 17
VisualStudioVersion = 17.3.32929.385
MinimumVisualStudioVersion = 10.0.40219.1
Project("{FAE04EC0-301F-11D3-BF4B-00C04F79EFBC}") = "Esercizio 6 - Esercitazione tablet", "Esercizio 6 - Esercitazione tablet\Esercizio 6 - Esercitazione tablet.csproj", "{2EFD1E3E-A62D-4303-91C2-96BA28F0F6E5}"
EndProject
Global
	GlobalSection(SolutionConfigurationPlatforms) = preSolution
		Debug|Any CPU = Debug|Any CPU
		Release|Any CPU = Release|Any CPU
	EndGlobalSection
	GlobalSection(ProjectConfigurationPlatforms) = postSolution
		{2EFD1E3E-A62D-4303-91C2-96BA28F0F6E5}.Debug|Any CPU.ActiveCfg = Debug|Any CPU
		{2EFD1E3E-A62D-4303-91C2-96BA28F0F6E5}.Debug|Any CPU.Build.0 = Debug|Any CPU
		{2EFD1E3E-A62D-4303-91C2-96BA28F0F6E5}.Release|Any CPU.ActiveCfg = Release|Any CPU
		{2EFD1E3E-A62D-4303-91C2-96BA28F0F6E5}.Release|Any CPU.Build.0 = Release|Any CPU
	EndGlobalSection
	GlobalSection(SolutionProperties) = preSolution
		HideSolutionNode = FALSE
	EndGlobalSection
	GlobalSection(ExtensibilityGlobals) = postSolution
		SolutionGuid = {F17B58CA-F2C8-4083-A103-376B52C61952}
	EndGlobalSection
EndGlobal
